
Microsoft Visual Studio Solution File, Format Version 12.00
# Visual Studio Version 17
VisualStudioVersion = 17.5.33516.290
MinimumVisualStudioVersion = 10.0.40219.1
Project("{FAE04EC0-301F-11D3-BF4B-00C04F79EFBC}") = "SCP.TEC.WskazanieDostawy", "SCP.TEC.WskazanieDostawy\SCP.TEC.WskazanieDostawy.csproj", "{D2611076-72D3-4EB4-AAC3-10BEE1426641}"
EndProject
Project("{2150E333-8FDC-42A3-9474-1A3956D46DE8}") = "Solution Items", "Solution Items", "{DDDB50BF-B047-41A1-9F44-10A768B7AB84}"
	ProjectSection(SolutionItems) = preProject
		Directory.Build.props = Directory.Build.props
		global.json = global.json
	EndProjectSection
EndProject
Global
	GlobalSection(SolutionConfigurationPlatforms) = preSolution
		Debug|Any CPU = Debug|Any CPU
		Release|Any CPU = Release|Any CPU
	EndGlobalSection
	GlobalSection(ProjectConfigurationPlatforms) = postSolution
		{D2611076-72D3-4EB4-AAC3-10BEE1426641}.Debug|Any CPU.ActiveCfg = Debug|Any CPU
		{D2611076-72D3-4EB4-AAC3-10BEE1426641}.Debug|Any CPU.Build.0 = Debug|Any CPU
		{D2611076-72D3-4EB4-AAC3-10BEE1426641}.Release|Any CPU.ActiveCfg = Release|Any CPU
		{D2611076-72D3-4EB4-AAC3-10BEE1426641}.Release|Any CPU.Build.0 = Release|Any CPU
	EndGlobalSection
	GlobalSection(SolutionProperties) = preSolution
		HideSolutionNode = FALSE
	EndGlobalSection
	GlobalSection(ExtensibilityGlobals) = postSolution
		SolutionGuid = {6E0337BC-8663-441A-9CD0-98FE4A4750CB}
	EndGlobalSection
EndGlobal
